
Microsoft Visual Studio Solution File, Format Version 12.00
# Visual Studio Version 16
VisualStudioVersion = 16.0.30503.244
MinimumVisualStudioVersion = 10.0.40219.1
Project("{888888A0-9F3D-457C-B088-3A5042F75D52}") = "DjangoWebProject9", "DjangoWebProject9.pyproj", "{E994C133-C569-4D1C-B33D-205BB3A23569}"
EndProject
Global
	GlobalSection(SolutionConfigurationPlatforms) = preSolution
		Debug|Any CPU = Debug|Any CPU
		Release|Any CPU = Release|Any CPU
	EndGlobalSection
	GlobalSection(ProjectConfigurationPlatforms) = postSolution
		{E994C133-C569-4D1C-B33D-205BB3A23569}.Debug|Any CPU.ActiveCfg = Debug|Any CPU
		{E994C133-C569-4D1C-B33D-205BB3A23569}.Debug|Any CPU.Build.0 = Debug|Any CPU
		{E994C133-C569-4D1C-B33D-205BB3A23569}.Release|Any CPU.ActiveCfg = Release|Any CPU
		{E994C133-C569-4D1C-B33D-205BB3A23569}.Release|Any CPU.Build.0 = Release|Any CPU
	EndGlobalSection
	GlobalSection(SolutionProperties) = preSolution
		HideSolutionNode = FALSE
	EndGlobalSection
	GlobalSection(ExtensibilityGlobals) = postSolution
		SolutionGuid = {E57B22C2-0A8D-4425-981B-09ADB0582B09}
	EndGlobalSection
EndGlobal
